
Microsoft Visual Studio Solution File, Format Version 12.00
# Visual Studio Version 17
VisualStudioVersion = 17.5.33502.453
MinimumVisualStudioVersion = 10.0.40219.1
Project("{FAE04EC0-301F-11D3-BF4B-00C04F79EFBC}") = "API_ProyectoFinal", "API_ProyectoFinal\API_ProyectoFinal.csproj", "{5F5445A3-7706-450B-A32A-9B239ABA1980}"
EndProject
Global
	GlobalSection(SolutionConfigurationPlatforms) = preSolution
		Debug|Any CPU = Debug|Any CPU
		Release|Any CPU = Release|Any CPU
	EndGlobalSection
	GlobalSection(ProjectConfigurationPlatforms) = postSolution
		{5F5445A3-7706-450B-A32A-9B239ABA1980}.Debug|Any CPU.ActiveCfg = Debug|Any CPU
		{5F5445A3-7706-450B-A32A-9B239ABA1980}.Debug|Any CPU.Build.0 = Debug|Any CPU
		{5F5445A3-7706-450B-A32A-9B239ABA1980}.Release|Any CPU.ActiveCfg = Release|Any CPU
		{5F5445A3-7706-450B-A32A-9B239ABA1980}.Release|Any CPU.Build.0 = Release|Any CPU
	EndGlobalSection
	GlobalSection(SolutionProperties) = preSolution
		HideSolutionNode = FALSE
	EndGlobalSection
	GlobalSection(ExtensibilityGlobals) = postSolution
		SolutionGuid = {57A8693E-ED7B-4600-BE52-4CA2C9C32A17}
	EndGlobalSection
EndGlobal
